
Microsoft Visual Studio Solution File, Format Version 12.00
# Visual Studio Version 17
VisualStudioVersion = 17.9.34723.18
MinimumVisualStudioVersion = 10.0.40219.1
Project("{FAE04EC0-301F-11D3-BF4B-00C04F79EFBC}") = "AppSemTemplate", "AppSemTemplate\AppSemTemplate.csproj", "{FF097354-B8CA-4E3E-A4D3-B44F572AB066}"
EndProject
Global
	GlobalSection(SolutionConfigurationPlatforms) = preSolution
		Debug|Any CPU = Debug|Any CPU
		Release|Any CPU = Release|Any CPU
	EndGlobalSection
	GlobalSection(ProjectConfigurationPlatforms) = postSolution
		{FF097354-B8CA-4E3E-A4D3-B44F572AB066}.Debug|Any CPU.ActiveCfg = Debug|Any CPU
		{FF097354-B8CA-4E3E-A4D3-B44F572AB066}.Debug|Any CPU.Build.0 = Debug|Any CPU
		{FF097354-B8CA-4E3E-A4D3-B44F572AB066}.Release|Any CPU.ActiveCfg = Release|Any CPU
		{FF097354-B8CA-4E3E-A4D3-B44F572AB066}.Release|Any CPU.Build.0 = Release|Any CPU
	EndGlobalSection
	GlobalSection(SolutionProperties) = preSolution
		HideSolutionNode = FALSE
	EndGlobalSection
	GlobalSection(ExtensibilityGlobals) = postSolution
		SolutionGuid = {39BA1DAC-860D-4686-AF73-C06BD2E91AF0}
	EndGlobalSection
EndGlobal
